// !$*UTF8*$!
{
	archiveVersion = 1;
	classes = {
	};
	objectVersion = 50;
	objects = {

/* Begin PBXBuildFile section */
		636C23A826693D4800933A00 /* AppDelegate.swift in Sources */ = {isa = PBXBuildFile; fileRef = 636C23A726693D4800933A00 /* AppDelegate.swift */; };
		636C23AA26693D4800933A00 /* SceneDelegate.swift in Sources */ = {isa = PBXBuildFile; fileRef = 636C23A926693D4800933A00 /* SceneDelegate.swift */; };
		636C23AC26693D4800933A00 /* ContentView.swift in Sources */ = {isa = PBXBuildFile; fileRef = 636C23AB26693D4800933A00 /* ContentView.swift */; };
		636C23AE26693D4900933A00 /* Assets.xcassets in Resources */ = {isa = PBXBuildFile; fileRef = 636C23AD26693D4900933A00 /* Assets.xcassets */; };
		636C23B126693D4900933A00 /* Preview Assets.xcassets in Resources */ = {isa = PBXBuildFile; fileRef = 636C23B026693D4900933A00 /* Preview Assets.xcassets */; };
		636C23B426693D4900933A00 /* LaunchScreen.storyboard in Resources */ = {isa = PBXBuildFile; fileRef = 636C23B226693D4900933A00 /* LaunchScreen.storyboard */; };
		636C23BC2669410A00933A00 /* TravelCheckModel.swift in Sources */ = {isa = PBXBuildFile; fileRef = 636C23BB2669410A00933A00 /* TravelCheckModel.swift */; };
		636C23BE266941A800933A00 /* TravelListView.swift in Sources */ = {isa = PBXBuildFile; fileRef = 636C23BD266941A800933A00 /* TravelListView.swift */; };
		636C23C0266977CA00933A00 /* TravelDetailView.swift in Sources */ = {isa = PBXBuildFile; fileRef = 636C23BF266977CA00933A00 /* TravelDetailView.swift */; };
		636C23C226697A9400933A00 /* SeenButton.swift in Sources */ = {isa = PBXBuildFile; fileRef = 636C23C126697A9400933A00 /* SeenButton.swift */; };
		636C23C426697C1900933A00 /* FirstView.swift in Sources */ = {isa = PBXBuildFile; fileRef = 636C23C326697C1900933A00 /* FirstView.swift */; };
		636C23C626697C2500933A00 /* SecondView.swift in Sources */ = {isa = PBXBuildFile; fileRef = 636C23C526697C2500933A00 /* SecondView.swift */; };
/* End PBXBuildFile section */

/* Begin PBXFileReference section */
		636C23A426693D4800933A00 /* TravelCheckList.app */ = {isa = PBXFileReference; explicitFileType = wrapper.application; includeInIndex = 0; path = TravelCheckList.app; sourceTree = BUILT_PRODUCTS_DIR; };
		636C23A726693D4800933A00 /* AppDelegate.swift */ = {isa = PBXFileReference; lastKnownFileType = sourcecode.swift; path = AppDelegate.swift; sourceTree = "<group>"; };
		636C23A926693D4800933A00 /* SceneDelegate.swift */ = {isa = PBXFileReference; lastKnownFileType = sourcecode.swift; path = SceneDelegate.swift; sourceTree = "<group>"; };
		636C23AB26693D4800933A00 /* ContentView.swift */ = {isa = PBXFileReference; lastKnownFileType = sourcecode.swift; path = ContentView.swift; sourceTree = "<group>"; };
		636C23AD26693D4900933A00 /* Assets.xcassets */ = {isa = PBXFileReference; lastKnownFileType = folder.assetcatalog; path = Assets.xcassets; sourceTree = "<group>"; };
		636C23B026693D4900933A00 /* Preview Assets.xcassets */ = {isa = PBXFileReference; lastKnownFileType = folder.assetcatalog; path = "Preview Assets.xcassets"; sourceTree = "<group>"; };
		636C23B326693D4900933A00 /* Base */ = {isa = PBXFileReference; lastKnownFileType = file.storyboard; name = Base; path = Base.lproj/LaunchScreen.storyboard; sourceTree = "<group>"; };
		636C23B526693D4900933A00 /* Info.plist */ = {isa = PBXFileReference; lastKnownFileType = text.plist.xml; path = Info.plist; sourceTree = "<group>"; };
		636C23BB2669410A00933A00 /* TravelCheckModel.swift */ = {isa = PBXFileReference; lastKnownFileType = sourcecode.swift; path = TravelCheckModel.swift; sourceTree = "<group>"; };
		636C23BD266941A800933A00 /* TravelListView.swift */ = {isa = PBXFileReference; lastKnownFileType = sourcecode.swift; path = TravelListView.swift; sourceTree = "<group>"; };
		636C23BF266977CA00933A00 /* TravelDetailView.swift */ = {isa = PBXFileReference; lastKnownFileType = sourcecode.swift; path = TravelDetailView.swift; sourceTree = "<group>"; };
		636C23C126697A9400933A00 /* SeenButton.swift */ = {isa = PBXFileReference; lastKnownFileType = sourcecode.swift; path = SeenButton.swift; sourceTree = "<group>"; };
		636C23C326697C1900933A00 /* FirstView.swift */ = {isa = PBXFileReference; lastKnownFileType = sourcecode.swift; path = FirstView.swift; sourceTree = "<group>"; };
		636C23C526697C2500933A00 /* SecondView.swift */ = {isa = PBXFileReference; lastKnownFileType = sourcecode.swift; path = SecondView.swift; sourceTree = "<group>"; };
/* End PBXFileReference section */

/* Begin PBXFrameworksBuildPhase section */
		636C23A126693D4800933A00 /* Frameworks */ = {
			isa = PBXFrameworksBuildPhase;
			buildActionMask = 2147483647;
			files = (
			);
			runOnlyForDeploymentPostprocessing = 0;
		};
/* End PBXFrameworksBuildPhase section */

/* Begin PBXGroup section */
		636C239B26693D4700933A00 = {
			isa = PBXGroup;
			children = (
				636C23A626693D4800933A00 /* TravelCheckList */,
				636C23A526693D4800933A00 /* Products */,
			);
			sourceTree = "<group>";
		};
		636C23A526693D4800933A00 /* Products */ = {
			isa = PBXGroup;
			children = (
				636C23A426693D4800933A00 /* TravelCheckList.app */,
			);
			name = Products;
			sourceTree = "<group>";
		};
		636C23A626693D4800933A00 /* TravelCheckList */ = {
			isa = PBXGroup;
			children = (
				636C23A726693D4800933A00 /* AppDelegate.swift */,
				636C23A926693D4800933A00 /* SceneDelegate.swift */,
				636C23AB26693D4800933A00 /* ContentView.swift */,
				636C23AD26693D4900933A00 /* Assets.xcassets */,
				636C23B226693D4900933A00 /* LaunchScreen.storyboard */,
				636C23B526693D4900933A00 /* Info.plist */,
				636C23AF26693D4900933A00 /* Preview Content */,
				636C23BB2669410A00933A00 /* TravelCheckModel.swift */,
				636C23BD266941A800933A00 /* TravelListView.swift */,
				636C23BF266977CA00933A00 /* TravelDetailView.swift */,
				636C23C126697A9400933A00 /* SeenButton.swift */,
				636C23C326697C1900933A00 /* FirstView.swift */,
				636C23C526697C2500933A00 /* SecondView.swift */,
			);
			path = TravelCheckList;
			sourceTree = "<group>";
		};
		636C23AF26693D4900933A00 /* Preview Content */ = {
			isa = PBXGroup;
			children = (
				636C23B026693D4900933A00 /* Preview Assets.xcassets */,
			);
			path = "Preview Content";
			sourceTree = "<group>";
		};
/* End PBXGroup section */

/* Begin PBXNativeTarget section */
		636C23A326693D4800933A00 /* TravelCheckList */ = {
			isa = PBXNativeTarget;
			buildConfigurationList = 636C23B826693D4900933A00 /* Build configuration list for PBXNativeTarget "TravelCheckList" */;
			buildPhases = (
				636C23A026693D4800933A00 /* Sources */,
				636C23A126693D4800933A00 /* Frameworks */,
				636C23A226693D4800933A00 /* Resources */,
			);
			buildRules = (
			);
			dependencies = (
			);
			name = TravelCheckList;
			productName = TravelCheckList;
			productReference = 636C23A426693D4800933A00 /* TravelCheckList.app */;
			productType = "com.apple.product-type.application";
		};
/* End PBXNativeTarget section */

/* Begin PBXProject section */
		636C239C26693D4700933A00 /* Project object */ = {
			isa = PBXProject;
			attributes = {
				LastSwiftUpdateCheck = 1250;
				LastUpgradeCheck = 1250;
				TargetAttributes = {
					636C23A326693D4800933A00 = {
						CreatedOnToolsVersion = 12.5;
					};
				};
			};
			buildConfigurationList = 636C239F26693D4700933A00 /* Build configuration list for PBXProject "TravelCheckList" */;
			compatibilityVersion = "Xcode 9.3";
			developmentRegion = en;
			hasScannedForEncodings = 0;
			knownRegions = (
				en,
				Base,
			);
			mainGroup = 636C239B26693D4700933A00;
			productRefGroup = 636C23A526693D4800933A00 /* Products */;
			projectDirPath = "";
			projectRoot = "";
			targets = (
				636C23A326693D4800933A00 /* TravelCheckList */,
			);
		};
/* End PBXProject section */

/* Begin PBXResourcesBuildPhase section */
		636C23A226693D4800933A00 /* Resources */ = {
			isa = PBXResourcesBuildPhase;
			buildActionMask = 2147483647;
			files = (
				636C23B426693D4900933A00 /* LaunchScreen.storyboard in Resources */,
				636C23B126693D4900933A00 /* Preview Assets.xcassets in Resources */,
				636C23AE26693D4900933A00 /* Assets.xcassets in Resources */,
			);
			runOnlyForDeploymentPostprocessing = 0;
		};
/* End PBXResourcesBuildPhase section */

/* Begin PBXSourcesBuildPhase section */
		636C23A026693D4800933A00 /* Sources */ = {
			isa = PBXSourcesBuildPhase;
			buildActionMask = 2147483647;
			files = (
				636C23A826693D4800933A00 /* AppDelegate.swift in Sources */,
				636C23AA26693D4800933A00 /* SceneDelegate.swift in Sources */,
				636C23BC2669410A00933A00 /* TravelCheckModel.swift in Sources */,
				636C23C626697C2500933A00 /* SecondView.swift in Sources */,
				636C23C226697A9400933A00 /* SeenButton.swift in Sources */,
				636C23C0266977CA00933A00 /* TravelDetailView.swift in Sources */,
				636C23C426697C1900933A00 /* FirstView.swift in Sources */,
				636C23BE266941A800933A00 /* TravelListView.swift in Sources */,
				636C23AC26693D4800933A00 /* ContentView.swift in Sources */,
			);
			runOnlyForDeploymentPostprocessing = 0;
		};
/* End PBXSourcesBuildPhase section */

/* Begin PBXVariantGroup section */
		636C23B226693D4900933A00 /* LaunchScreen.storyboard */ = {
			isa = PBXVariantGroup;
			children = (
				636C23B326693D4900933A00 /* Base */,
			);
			name = LaunchScreen.storyboard;
			sourceTree = "<group>";
		};
/* End PBXVariantGroup section */

/* Begin XCBuildConfiguration section */
		636C23B626693D4900933A00 /* Debug */ = {
			isa = XCBuildConfiguration;
			buildSettings = {
				ALWAYS_SEARCH_USER_PATHS = NO;
				CLANG_ANALYZER_NONNULL = YES;
				CLANG_ANALYZER_NUMBER_OBJECT_CONVERSION = YES_AGGRESSIVE;
				CLANG_CXX_LANGUAGE_STANDARD = "gnu++14";
				CLANG_CXX_LIBRARY = "libc++";
				CLANG_ENABLE_MODULES = YES;
				CLANG_ENABLE_OBJC_ARC = YES;
				CLANG_ENABLE_OBJC_WEAK = YES;
				CLANG_WARN_BLOCK_CAPTURE_AUTORELEASING = YES;
				CLANG_WARN_BOOL_CONVERSION = YES;
				CLANG_WARN_COMMA = YES;
				CLANG_WARN_CONSTANT_CONVERSION = YES;
				CLANG_WARN_DEPRECATED_OBJC_IMPLEMENTATIONS = YES;
				CLANG_WARN_DIRECT_OBJC_ISA_USAGE = YES_ERROR;
				CLANG_WARN_DOCUMENTATION_COMMENTS = YES;
				CLANG_WARN_EMPTY_BODY = YES;
				CLANG_WARN_ENUM_CONVERSION = YES;
				CLANG_WARN_INFINITE_RECURSION = YES;
				CLANG_WARN_INT_CONVERSION = YES;
				CLANG_WARN_NON_LITERAL_NULL_CONVERSION = YES;
				CLANG_WARN_OBJC_IMPLICIT_RETAIN_SELF = YES;
				CLANG_WARN_OBJC_LITERAL_CONVERSION = YES;
				CLANG_WARN_OBJC_ROOT_CLASS = YES_ERROR;
				CLANG_WARN_QUOTED_INCLUDE_IN_FRAMEWORK_HEADER = YES;
				CLANG_WARN_RANGE_LOOP_ANALYSIS = YES;
				CLANG_WARN_STRICT_PROTOTYPES = YES;
				CLANG_WARN_SUSPICIOUS_MOVE = YES;
				CLANG_WARN_UNGUARDED_AVAILABILITY = YES_AGGRESSIVE;
				CLANG_WARN_UNREACHABLE_CODE = YES;
				CLANG_WARN__DUPLICATE_METHOD_MATCH = YES;
				COPY_PHASE_STRIP = NO;
				DEBUG_INFORMATION_FORMAT = dwarf;
				ENABLE_STRICT_OBJC_MSGSEND = YES;
				ENABLE_TESTABILITY = YES;
				GCC_C_LANGUAGE_STANDARD = gnu11;
				GCC_DYNAMIC_NO_PIC = NO;
				GCC_NO_COMMON_BLOCKS = YES;
				GCC_OPTIMIZATION_LEVEL = 0;
				GCC_PREPROCESSOR_DEFINITIONS = (
					"DEBUG=1",
					"$(inherited)",
				);
				GCC_WARN_64_TO_32_BIT_CONVERSION = YES;
				GCC_WARN_ABOUT_RETURN_TYPE = YES_ERROR;
				GCC_WARN_UNDECLARED_SELECTOR = YES;
				GCC_WARN_UNINITIALIZED_AUTOS = YES_AGGRESSIVE;
				GCC_WARN_UNUSED_FUNCTION = YES;
				GCC_WARN_UNUSED_VARIABLE = YES;
				IPHONEOS_DEPLOYMENT_TARGET = 14.5;
				MTL_ENABLE_DEBUG_INFO = INCLUDE_SOURCE;
				MTL_FAST_MATH = YES;
				ONLY_ACTIVE_ARCH = YES;
				SDKROOT = iphoneos;
				SWIFT_ACTIVE_COMPILATION_CONDITIONS = DEBUG;
				SWIFT_OPTIMIZATION_LEVEL = "-Onone";
			};
			name = Debug;
		};
		636C23B726693D4900933A00 /* Release */ = {
			isa = XCBuildConfiguration;
			buildSettings = {
				ALWAYS_SEARCH_USER_PATHS = NO;
				CLANG_ANALYZER_NONNULL = YES;
				CLANG_ANALYZER_NUMBER_OBJECT_CONVERSION = YES_AGGRESSIVE;
				CLANG_CXX_LANGUAGE_STANDARD = "gnu++14";
				CLANG_CXX_LIBRARY = "libc++";
				CLANG_ENABLE_MODULES = YES;
				CLANG_ENABLE_OBJC_ARC = YES;
				CLANG_ENABLE_OBJC_WEAK = YES;
				CLANG_WARN_BLOCK_CAPTURE_AUTORELEASING = YES;
				CLANG_WARN_BOOL_CONVERSION = YES;
				CLANG_WARN_COMMA = YES;
				CLANG_WARN_CONSTANT_CONVERSION = YES;
				CLANG_WARN_DEPRECATED_OBJC_IMPLEMENTATIONS = YES;
				CLANG_WARN_DIRECT_OBJC_ISA_USAGE = YES_ERROR;
				CLANG_WARN_DOCUMENTATION_COMMENTS = YES;
				CLANG_WARN_EMPTY_BODY = YES;
				CLANG_WARN_ENUM_CONVERSION = YES;
				CLANG_WARN_INFINITE_RECURSION = YES;
				CLANG_WARN_INT_CONVERSION = YES;
				CLANG_WARN_NON_LITERAL_NULL_CONVERSION = YES;
				CLANG_WARN_OBJC_IMPLICIT_RETAIN_SELF = YES;
				CLANG_WARN_OBJC_LITERAL_CONVERSION = YES;
				CLANG_WARN_OBJC_ROOT_CLASS = YES_ERROR;
				CLANG_WARN_QUOTED_INCLUDE_IN_FRAMEWORK_HEADER = YES;
				CLANG_WARN_RANGE_LOOP_ANALYSIS = YES;
				CLANG_WARN_STRICT_PROTOTYPES = YES;
				CLANG_WARN_SUSPICIOUS_MOVE = YES;
				CLANG_WARN_UNGUARDED_AVAILABILITY = YES_AGGRESSIVE;
				CLANG_WARN_UNREACHABLE_CODE = YES;
				CLANG_WARN__DUPLICATE_METHOD_MATCH = YES;
				COPY_PHASE_STRIP = NO;
				DEBUG_INFORMATION_FORMAT = "dwarf-with-dsym";
				ENABLE_NS_ASSERTIONS = NO;
				ENABLE_STRICT_OBJC_MSGSEND = YES;
				GCC_C_LANGUAGE_STANDARD = gnu11;
				GCC_NO_COMMON_BLOCKS = YES;
				GCC_WARN_64_TO_32_BIT_CONVERSION = YES;
				GCC_WARN_ABOUT_RETURN_TYPE = YES_ERROR;
				GCC_WARN_UNDECLARED_SELECTOR = YES;
				GCC_WARN_UNINITIALIZED_AUTOS = YES_AGGRESSIVE;
				GCC_WARN_UNUSED_FUNCTION = YES;
				GCC_WARN_UNUSED_VARIABLE = YES;
				IPHONEOS_DEPLOYMENT_TARGET = 14.5;
				MTL_ENABLE_DEBUG_INFO = NO;
				MTL_FAST_MATH = YES;
				SDKROOT = iphoneos;
				SWIFT_COMPILATION_MODE = wholemodule;
				SWIFT_OPTIMIZATION_LEVEL = "-O";
				VALIDATE_PRODUCT = YES;
			};
			name = Release;
		};
		636C23B926693D4900933A00 /* Debug */ = {
			isa = XCBuildConfiguration;
			buildSettings = {
				ASSETCATALOG_COMPILER_APPICON_NAME = AppIcon;
				ASSETCATALOG_COMPILER_GLOBAL_ACCENT_COLOR_NAME = AccentColor;
				CODE_SIGN_STYLE = Automatic;
				DEVELOPMENT_ASSET_PATHS = "\"TravelCheckList/Preview Content\"";
				DEVELOPMENT_TEAM = KCSKA4UM96;
				ENABLE_PREVIEWS = YES;
				INFOPLIST_FILE = TravelCheckList/Info.plist;
				LD_RUNPATH_SEARCH_PATHS = (
					"$(inherited)",
					"@executable_path/Frameworks",
				);
				PRODUCT_BUNDLE_IDENTIFIER = com.thedruid.TravelCheckList;
				PRODUCT_NAME = "$(TARGET_NAME)";
				SWIFT_VERSION = 5.0;
				TARGETED_DEVICE_FAMILY = "1,2";
			};
			name = Debug;
		};
		636C23BA26693D4900933A00 /* Release */ = {
			isa = XCBuildConfiguration;
			buildSettings = {
				ASSETCATALOG_COMPILER_APPICON_NAME = AppIcon;
				ASSETCATALOG_COMPILER_GLOBAL_ACCENT_COLOR_NAME = AccentColor;
				CODE_SIGN_STYLE = Automatic;
				DEVELOPMENT_ASSET_PATHS = "\"TravelCheckList/Preview Content\"";
				DEVELOPMENT_TEAM = KCSKA4UM96;
				ENABLE_PREVIEWS = YES;
				INFOPLIST_FILE = TravelCheckList/Info.plist;
				LD_RUNPATH_SEARCH_PATHS = (
					"$(inherited)",
					"@executable_path/Frameworks",
				);
				PRODUCT_BUNDLE_IDENTIFIER = com.thedruid.TravelCheckList;
				PRODUCT_NAME = "$(TARGET_NAME)";
				SWIFT_VERSION = 5.0;
				TARGETED_DEVICE_FAMILY = "1,2";
			};
			name = Release;
		};
/* End XCBuildConfiguration section */

/* Begin XCConfigurationList section */
		636C239F26693D4700933A00 /* Build configuration list for PBXProject "TravelCheckList" */ = {
			isa = XCConfigurationList;
			buildConfigurations = (
				636C23B626693D4900933A00 /* Debug */,
				636C23B726693D4900933A00 /* Release */,
			);
			defaultConfigurationIsVisible = 0;
			defaultConfigurationName = Release;
		};
		636C23B826693D4900933A00 /* Build configuration list for PBXNativeTarget "TravelCheckList" */ = {
			isa = XCConfigurationList;
			buildConfigurations = (
				636C23B926693D4900933A00 /* Debug */,
				636C23BA26693D4900933A00 /* Release */,
			);
			defaultConfigurationIsVisible = 0;
			defaultConfigurationName = Release;
		};
/* End XCConfigurationList section */
	};
	rootObject = 636C239C26693D4700933A00 /* Project object */;
}
